
Microsoft Visual Studio Solution File, Format Version 12.00
# Visual Studio 14
VisualStudioVersion = 14.0.23107.0
MinimumVisualStudioVersion = 10.0.40219.1
Project("{8BC9CEB8-8B4A-11D0-8D11-00A0C91BC942}") = "tesseract304_uwp", "tesseract304\tesseract304.vcxproj", "{38F2616C-7F32-4637-8E61-98194A1B1995}"
	ProjectSection(ProjectDependencies) = postProject
		{0B296545-8036-48BE-8425-DEF2C4055048} = {0B296545-8036-48BE-8425-DEF2C4055048}
	EndProjectSection
EndProject
Project("{8BC9CEB8-8B4A-11D0-8D11-00A0C91BC942}") = "leptonica_uwp_win10", "..\leptonica-1.72\vs2015_uwp\leptonica_uwp_win10\leptonica_uwp_win10.vcxproj", "{0B296545-8036-48BE-8425-DEF2C4055048}"
EndProject
Project("{FAE04EC0-301F-11D3-BF4B-00C04F79EFBC}") = "tesseract_sample_app_uwp", "tesseract_sample_app_uwp\tesseract_sample_app_uwp.csproj", "{04C32229-7195-4B8A-9316-9F6C4ECB8F6A}"
EndProject
Project("{FAE04EC0-301F-11D3-BF4B-00C04F79EFBC}") = "tesseract_uwp_win10", "tesseract_uwp_win10\tesseract_uwp_win10.csproj", "{D009275B-BC1C-4EE7-AB0D-B93607CAA8E0}"
EndProject
Project("{8BC9CEB8-8B4A-11D0-8D11-00A0C91BC942}") = "leptonica_uwp_win81.Shared", "..\leptonica-1.72\vs2015_uwp\leptonica_uwp_win81\leptonica_uwp_win81.Shared\leptonica_uwp_win81.Shared.vcxitems", "{774FCC0E-AFEB-408E-B81C-019664E2A30C}"
EndProject
Project("{2150E333-8FDC-42A3-9474-1A3956D46DE8}") = "leptonica_uwp_win81", "leptonica_uwp_win81", "{D6118E9F-93B3-45E8-A48B-B3F83E393AB7}"
EndProject
Project("{8BC9CEB8-8B4A-11D0-8D11-00A0C91BC942}") = "leptonica_uwp_win81.Windows", "..\leptonica-1.72\vs2015_uwp\leptonica_uwp_win81\leptonica_uwp_win81.Windows\leptonica_uwp_win81.Windows.vcxproj", "{30148D76-9B82-42FA-8934-66DCCD5D411B}"
EndProject
Project("{8BC9CEB8-8B4A-11D0-8D11-00A0C91BC942}") = "leptonica_uwp_win81.WindowsPhone", "..\leptonica-1.72\vs2015_uwp\leptonica_uwp_win81\leptonica_uwp_win81.WindowsPhone\leptonica_uwp_win81.WindowsPhone.vcxproj", "{21D937E5-53EA-4EED-B9BA-6FF6BE12D71C}"
EndProject
Project("{2150E333-8FDC-42A3-9474-1A3956D46DE8}") = "tesseract_uwp_win81", "tesseract_uwp_win81", "{BCE0C850-423A-4EA6-B640-B1CA66D91D99}"
EndProject
Project("{8BC9CEB8-8B4A-11D0-8D11-00A0C91BC942}") = "tesseract_win81.Shared", "tesseract_win81\tesseract_win81.Shared\tesseract_win81.Shared.vcxitems", "{56826F9C-1C22-473C-B8D9-C955FE419E62}"
EndProject
Project("{8BC9CEB8-8B4A-11D0-8D11-00A0C91BC942}") = "tesseract_win81.Windows", "tesseract_win81\tesseract_win81.Windows\tesseract_win81.Windows.vcxproj", "{BDA6BA51-FBD5-4846-B2A1-A9FD09D22B02}"
	ProjectSection(ProjectDependencies) = postProject
		{30148D76-9B82-42FA-8934-66DCCD5D411B} = {30148D76-9B82-42FA-8934-66DCCD5D411B}
	EndProjectSection
EndProject
Project("{8BC9CEB8-8B4A-11D0-8D11-00A0C91BC942}") = "tesseract_win81.WindowsPhone", "tesseract_win81\tesseract_win81.WindowsPhone\tesseract_win81.WindowsPhone.vcxproj", "{219C578A-C35D-4318-A99F-78C0D9595029}"
	ProjectSection(ProjectDependencies) = postProject
		{21D937E5-53EA-4EED-B9BA-6FF6BE12D71C} = {21D937E5-53EA-4EED-B9BA-6FF6BE12D71C}
	EndProjectSection
EndProject
Project("{FAE04EC0-301F-11D3-BF4B-00C04F79EFBC}") = "tesseract_win81", "tesseract_win81\tesseract_win81\tesseract_win81.csproj", "{FBBA6668-5BA6-43F2-8016-B81030EC9494}"
EndProject
Project("{FAE04EC0-301F-11D3-BF4B-00C04F79EFBC}") = "tesseract_winphone81", "tesseract_win81\tesseract_winphone81\tesseract_winphone81.csproj", "{20D3BF3E-3C79-4156-8894-C235766EB78C}"
EndProject
Global
	GlobalSection(SharedMSBuildProjectFiles) = preSolution
		tesseract_win81\tesseract_win81.Shared\tesseract_win81.Shared.vcxitems*{56826f9c-1c22-473c-b8d9-c955fe419e62}*SharedItemsImports = 9
		tesseract_win81\tesseract_win81.Shared\tesseract_win81.Shared.vcxitems*{219c578a-c35d-4318-a99f-78c0d9595029}*SharedItemsImports = 4
		..\leptonica-1.72\vs2015_uwp\leptonica_uwp_win81\leptonica_uwp_win81.Shared\leptonica_uwp_win81.Shared.vcxitems*{30148d76-9b82-42fa-8934-66dccd5d411b}*SharedItemsImports = 4
		..\leptonica-1.72\vs2015_uwp\leptonica_uwp_win81\leptonica_uwp_win81.Shared\leptonica_uwp_win81.Shared.vcxitems*{774fcc0e-afeb-408e-b81c-019664e2a30c}*SharedItemsImports = 9
		tesseract_win81\tesseract_win81.Shared\tesseract_win81.Shared.vcxitems*{bda6ba51-fbd5-4846-b2a1-a9fd09d22b02}*SharedItemsImports = 4
		..\leptonica-1.72\vs2015_uwp\leptonica_uwp_win81\leptonica_uwp_win81.Shared\leptonica_uwp_win81.Shared.vcxitems*{21d937e5-53ea-4eed-b9ba-6ff6be12d71c}*SharedItemsImports = 4
	EndGlobalSection
	GlobalSection(SolutionConfigurationPlatforms) = preSolution
		Debug|Any CPU = Debug|Any CPU
		Debug|ARM = Debug|ARM
		Debug|Win32 = Debug|Win32
		Debug|x64 = Debug|x64
		DLL_Debug|Any CPU = DLL_Debug|Any CPU
		DLL_Debug|ARM = DLL_Debug|ARM
		DLL_Debug|Win32 = DLL_Debug|Win32
		DLL_Debug|x64 = DLL_Debug|x64
		DLL_Release|Any CPU = DLL_Release|Any CPU
		DLL_Release|ARM = DLL_Release|ARM
		DLL_Release|Win32 = DLL_Release|Win32
		DLL_Release|x64 = DLL_Release|x64
		LIB_Debug|Any CPU = LIB_Debug|Any CPU
		LIB_Debug|ARM = LIB_Debug|ARM
		LIB_Debug|Win32 = LIB_Debug|Win32
		LIB_Debug|x64 = LIB_Debug|x64
		LIB_OpenCL_Debug|Any CPU = LIB_OpenCL_Debug|Any CPU
		LIB_OpenCL_Debug|ARM = LIB_OpenCL_Debug|ARM
		LIB_OpenCL_Debug|Win32 = LIB_OpenCL_Debug|Win32
		LIB_OpenCL_Debug|x64 = LIB_OpenCL_Debug|x64
		LIB_OpenCL_Release|Any CPU = LIB_OpenCL_Release|Any CPU
		LIB_OpenCL_Release|ARM = LIB_OpenCL_Release|ARM
		LIB_OpenCL_Release|Win32 = LIB_OpenCL_Release|Win32
		LIB_OpenCL_Release|x64 = LIB_OpenCL_Release|x64
		LIB_Release|Any CPU = LIB_Release|Any CPU
		LIB_Release|ARM = LIB_Release|ARM
		LIB_Release|Win32 = LIB_Release|Win32
		LIB_Release|x64 = LIB_Release|x64
		Release|Any CPU = Release|Any CPU
		Release|ARM = Release|ARM
		Release|Win32 = Release|Win32
		Release|x64 = Release|x64
	EndGlobalSection
	GlobalSection(ProjectConfigurationPlatforms) = postSolution
		{38F2616C-7F32-4637-8E61-98194A1B1995}.Debug|Any CPU.ActiveCfg = Debug|Win32
		{38F2616C-7F32-4637-8E61-98194A1B1995}.Debug|ARM.ActiveCfg = Debug|ARM
		{38F2616C-7F32-4637-8E61-98194A1B1995}.Debug|ARM.Build.0 = Debug|ARM
		{38F2616C-7F32-4637-8E61-98194A1B1995}.Debug|Win32.ActiveCfg = Debug|Win32
		{38F2616C-7F32-4637-8E61-98194A1B1995}.Debug|Win32.Build.0 = Debug|Win32
		{38F2616C-7F32-4637-8E61-98194A1B1995}.Debug|x64.ActiveCfg = Debug|x64
		{38F2616C-7F32-4637-8E61-98194A1B1995}.Debug|x64.Build.0 = Debug|x64
		{38F2616C-7F32-4637-8E61-98194A1B1995}.DLL_Debug|Any CPU.ActiveCfg = Release|x64
		{38F2616C-7F32-4637-8E61-98194A1B1995}.DLL_Debug|Any CPU.Build.0 = Release|x64
		{38F2616C-7F32-4637-8E61-98194A1B1995}.DLL_Debug|ARM.ActiveCfg = Debug|ARM
		{38F2616C-7F32-4637-8E61-98194A1B1995}.DLL_Debug|ARM.Build.0 = Debug|ARM
		{38F2616C-7F32-4637-8E61-98194A1B1995}.DLL_Debug|Win32.ActiveCfg = Debug|Win32
		{38F2616C-7F32-4637-8E61-98194A1B1995}.DLL_Debug|Win32.Build.0 = Debug|Win32
		{38F2616C-7F32-4637-8E61-98194A1B1995}.DLL_Debug|x64.ActiveCfg = Debug|x64
		{38F2616C-7F32-4637-8E61-98194A1B1995}.DLL_Debug|x64.Build.0 = Debug|x64
		{38F2616C-7F32-4637-8E61-98194A1B1995}.DLL_Release|Any CPU.ActiveCfg = Release|x64
		{38F2616C-7F32-4637-8E61-98194A1B1995}.DLL_Release|Any CPU.Build.0 = Release|x64
		{38F2616C-7F32-4637-8E61-98194A1B1995}.DLL_Release|ARM.ActiveCfg = Release|ARM
		{38F2616C-7F32-4637-8E61-98194A1B1995}.DLL_Release|ARM.Build.0 = Release|ARM
		{38F2616C-7F32-4637-8E61-98194A1B1995}.DLL_Release|Win32.ActiveCfg = Release|Win32
		{38F2616C-7F32-4637-8E61-98194A1B1995}.DLL_Release|Win32.Build.0 = Release|Win32
		{38F2616C-7F32-4637-8E61-98194A1B1995}.DLL_Release|x64.ActiveCfg = Release|x64
		{38F2616C-7F32-4637-8E61-98194A1B1995}.DLL_Release|x64.Build.0 = Release|x64
		{38F2616C-7F32-4637-8E61-98194A1B1995}.LIB_Debug|Any CPU.ActiveCfg = Release|x64
		{38F2616C-7F32-4637-8E61-98194A1B1995}.LIB_Debug|Any CPU.Build.0 = Release|x64
		{38F2616C-7F32-4637-8E61-98194A1B1995}.LIB_Debug|ARM.ActiveCfg = Debug|ARM
		{38F2616C-7F32-4637-8E61-98194A1B1995}.LIB_Debug|ARM.Build.0 = Debug|ARM
		{38F2616C-7F32-4637-8E61-98194A1B1995}.LIB_Debug|Win32.ActiveCfg = Debug|Win32
		{38F2616C-7F32-4637-8E61-98194A1B1995}.LIB_Debug|Win32.Build.0 = Debug|Win32
		{38F2616C-7F32-4637-8E61-98194A1B1995}.LIB_Debug|x64.ActiveCfg = Debug|x64
		{38F2616C-7F32-4637-8E61-98194A1B1995}.LIB_Debug|x64.Build.0 = Debug|x64
		{38F2616C-7F32-4637-8E61-98194A1B1995}.LIB_OpenCL_Debug|Any CPU.ActiveCfg = Release|x64
		{38F2616C-7F32-4637-8E61-98194A1B1995}.LIB_OpenCL_Debug|Any CPU.Build.0 = Release|x64
		{38F2616C-7F32-4637-8E61-98194A1B1995}.LIB_OpenCL_Debug|ARM.ActiveCfg = Debug|ARM
		{38F2616C-7F32-4637-8E61-98194A1B1995}.LIB_OpenCL_Debug|ARM.Build.0 = Debug|ARM
		{38F2616C-7F32-4637-8E61-98194A1B1995}.LIB_OpenCL_Debug|Win32.ActiveCfg = Debug|Win32
		{38F2616C-7F32-4637-8E61-98194A1B1995}.LIB_OpenCL_Debug|Win32.Build.0 = Debug|Win32
		{38F2616C-7F32-4637-8E61-98194A1B1995}.LIB_OpenCL_Debug|x64.ActiveCfg = Debug|x64
		{38F2616C-7F32-4637-8E61-98194A1B1995}.LIB_OpenCL_Debug|x64.Build.0 = Debug|x64
		{38F2616C-7F32-4637-8E61-98194A1B1995}.LIB_OpenCL_Release|Any CPU.ActiveCfg = Release|x64
		{38F2616C-7F32-4637-8E61-98194A1B1995}.LIB_OpenCL_Release|Any CPU.Build.0 = Release|x64
		{38F2616C-7F32-4637-8E61-98194A1B1995}.LIB_OpenCL_Release|ARM.ActiveCfg = Release|ARM
		{38F2616C-7F32-4637-8E61-98194A1B1995}.LIB_OpenCL_Release|ARM.Build.0 = Release|ARM
		{38F2616C-7F32-4637-8E61-98194A1B1995}.LIB_OpenCL_Release|Win32.ActiveCfg = Release|Win32
		{38F2616C-7F32-4637-8E61-98194A1B1995}.LIB_OpenCL_Release|Win32.Build.0 = Release|Win32
		{38F2616C-7F32-4637-8E61-98194A1B1995}.LIB_OpenCL_Release|x64.ActiveCfg = Release|x64
		{38F2616C-7F32-4637-8E61-98194A1B1995}.LIB_OpenCL_Release|x64.Build.0 = Release|x64
		{38F2616C-7F32-4637-8E61-98194A1B1995}.LIB_Release|Any CPU.ActiveCfg = Release|x64
		{38F2616C-7F32-4637-8E61-98194A1B1995}.LIB_Release|Any CPU.Build.0 = Release|x64
		{38F2616C-7F32-4637-8E61-98194A1B1995}.LIB_Release|ARM.ActiveCfg = Release|ARM
		{38F2616C-7F32-4637-8E61-98194A1B1995}.LIB_Release|ARM.Build.0 = Release|ARM
		{38F2616C-7F32-4637-8E61-98194A1B1995}.LIB_Release|Win32.ActiveCfg = Release|Win32
		{38F2616C-7F32-4637-8E61-98194A1B1995}.LIB_Release|Win32.Build.0 = Release|Win32
		{38F2616C-7F32-4637-8E61-98194A1B1995}.LIB_Release|x64.ActiveCfg = Release|x64
		{38F2616C-7F32-4637-8E61-98194A1B1995}.LIB_Release|x64.Build.0 = Release|x64
		{38F2616C-7F32-4637-8E61-98194A1B1995}.Release|Any CPU.ActiveCfg = Release|Win32
		{38F2616C-7F32-4637-8E61-98194A1B1995}.Release|ARM.ActiveCfg = Release|ARM
		{38F2616C-7F32-4637-8E61-98194A1B1995}.Release|ARM.Build.0 = Release|ARM
		{38F2616C-7F32-4637-8E61-98194A1B1995}.Release|Win32.ActiveCfg = Release|Win32
		{38F2616C-7F32-4637-8E61-98194A1B1995}.Release|Win32.Build.0 = Release|Win32
		{38F2616C-7F32-4637-8E61-98194A1B1995}.Release|x64.ActiveCfg = Release|x64
		{38F2616C-7F32-4637-8E61-98194A1B1995}.Release|x64.Build.0 = Release|x64
		{0B296545-8036-48BE-8425-DEF2C4055048}.Debug|Any CPU.ActiveCfg = Debug|Win32
		{0B296545-8036-48BE-8425-DEF2C4055048}.Debug|ARM.ActiveCfg = Debug|ARM
		{0B296545-8036-48BE-8425-DEF2C4055048}.Debug|ARM.Build.0 = Debug|ARM
		{0B296545-8036-48BE-8425-DEF2C4055048}.Debug|Win32.ActiveCfg = Debug|Win32
		{0B296545-8036-48BE-8425-DEF2C4055048}.Debug|Win32.Build.0 = Debug|Win32
		{0B296545-8036-48BE-8425-DEF2C4055048}.Debug|x64.ActiveCfg = Debug|x64
		{0B296545-8036-48BE-8425-DEF2C4055048}.Debug|x64.Build.0 = Debug|x64
		{0B296545-8036-48BE-8425-DEF2C4055048}.DLL_Debug|Any CPU.ActiveCfg = Release|x64
		{0B296545-8036-48BE-8425-DEF2C4055048}.DLL_Debug|Any CPU.Build.0 = Release|x64
		{0B296545-8036-48BE-8425-DEF2C4055048}.DLL_Debug|ARM.ActiveCfg = Debug|ARM
		{0B296545-8036-48BE-8425-DEF2C4055048}.DLL_Debug|ARM.Build.0 = Debug|ARM
		{0B296545-8036-48BE-8425-DEF2C4055048}.DLL_Debug|Win32.ActiveCfg = Debug|Win32
		{0B296545-8036-48BE-8425-DEF2C4055048}.DLL_Debug|Win32.Build.0 = Debug|Win32
		{0B296545-8036-48BE-8425-DEF2C4055048}.DLL_Debug|x64.ActiveCfg = Debug|x64
		{0B296545-8036-48BE-8425-DEF2C4055048}.DLL_Debug|x64.Build.0 = Debug|x64
		{0B296545-8036-48BE-8425-DEF2C4055048}.DLL_Release|Any CPU.ActiveCfg = Release|x64
		{0B296545-8036-48BE-8425-DEF2C4055048}.DLL_Release|Any CPU.Build.0 = Release|x64
		{0B296545-8036-48BE-8425-DEF2C4055048}.DLL_Release|ARM.ActiveCfg = Release|ARM
		{0B296545-8036-48BE-8425-DEF2C4055048}.DLL_Release|ARM.Build.0 = Release|ARM
		{0B296545-8036-48BE-8425-DEF2C4055048}.DLL_Release|Win32.ActiveCfg = Release|Win32
		{0B296545-8036-48BE-8425-DEF2C4055048}.DLL_Release|Win32.Build.0 = Release|Win32
		{0B296545-8036-48BE-8425-DEF2C4055048}.DLL_Release|x64.ActiveCfg = Release|x64
		{0B296545-8036-48BE-8425-DEF2C4055048}.DLL_Release|x64.Build.0 = Release|x64
		{0B296545-8036-48BE-8425-DEF2C4055048}.LIB_Debug|Any CPU.ActiveCfg = Release|x64
		{0B296545-8036-48BE-8425-DEF2C4055048}.LIB_Debug|Any CPU.Build.0 = Release|x64
		{0B296545-8036-48BE-8425-DEF2C4055048}.LIB_Debug|ARM.ActiveCfg = Debug|ARM
		{0B296545-8036-48BE-8425-DEF2C4055048}.LIB_Debug|ARM.Build.0 = Debug|ARM
		{0B296545-8036-48BE-8425-DEF2C4055048}.LIB_Debug|Win32.ActiveCfg = Debug|Win32
		{0B296545-8036-48BE-8425-DEF2C4055048}.LIB_Debug|Win32.Build.0 = Debug|Win32
		{0B296545-8036-48BE-8425-DEF2C4055048}.LIB_Debug|x64.ActiveCfg = Debug|x64
		{0B296545-8036-48BE-8425-DEF2C4055048}.LIB_Debug|x64.Build.0 = Debug|x64
		{0B296545-8036-48BE-8425-DEF2C4055048}.LIB_OpenCL_Debug|Any CPU.ActiveCfg = Release|x64
		{0B296545-8036-48BE-8425-DEF2C4055048}.LIB_OpenCL_Debug|Any CPU.Build.0 = Release|x64
		{0B296545-8036-48BE-8425-DEF2C4055048}.LIB_OpenCL_Debug|ARM.ActiveCfg = Debug|ARM
		{0B296545-8036-48BE-8425-DEF2C4055048}.LIB_OpenCL_Debug|ARM.Build.0 = Debug|ARM
		{0B296545-8036-48BE-8425-DEF2C4055048}.LIB_OpenCL_Debug|Win32.ActiveCfg = Debug|Win32
		{0B296545-8036-48BE-8425-DEF2C4055048}.LIB_OpenCL_Debug|Win32.Build.0 = Debug|Win32
		{0B296545-8036-48BE-8425-DEF2C4055048}.LIB_OpenCL_Debug|x64.ActiveCfg = Debug|x64
		{0B296545-8036-48BE-8425-DEF2C4055048}.LIB_OpenCL_Debug|x64.Build.0 = Debug|x64
		{0B296545-8036-48BE-8425-DEF2C4055048}.LIB_OpenCL_Release|Any CPU.ActiveCfg = Release|x64
		{0B296545-8036-48BE-8425-DEF2C4055048}.LIB_OpenCL_Release|Any CPU.Build.0 = Release|x64
		{0B296545-8036-48BE-8425-DEF2C4055048}.LIB_OpenCL_Release|ARM.ActiveCfg = Release|ARM
		{0B296545-8036-48BE-8425-DEF2C4055048}.LIB_OpenCL_Release|ARM.Build.0 = Release|ARM
		{0B296545-8036-48BE-8425-DEF2C4055048}.LIB_OpenCL_Release|Win32.ActiveCfg = Release|Win32
		{0B296545-8036-48BE-8425-DEF2C4055048}.LIB_OpenCL_Release|Win32.Build.0 = Release|Win32
		{0B296545-8036-48BE-8425-DEF2C4055048}.LIB_OpenCL_Release|x64.ActiveCfg = Release|x64
		{0B296545-8036-48BE-8425-DEF2C4055048}.LIB_OpenCL_Release|x64.Build.0 = Release|x64
		{0B296545-8036-48BE-8425-DEF2C4055048}.LIB_Release|Any CPU.ActiveCfg = Release|x64
		{0B296545-8036-48BE-8425-DEF2C4055048}.LIB_Release|Any CPU.Build.0 = Release|x64
		{0B296545-8036-48BE-8425-DEF2C4055048}.LIB_Release|ARM.ActiveCfg = Release|ARM
		{0B296545-8036-48BE-8425-DEF2C4055048}.LIB_Release|ARM.Build.0 = Release|ARM
		{0B296545-8036-48BE-8425-DEF2C4055048}.LIB_Release|Win32.ActiveCfg = Release|Win32
		{0B296545-8036-48BE-8425-DEF2C4055048}.LIB_Release|Win32.Build.0 = Release|Win32
		{0B296545-8036-48BE-8425-DEF2C4055048}.LIB_Release|x64.ActiveCfg = Release|x64
		{0B296545-8036-48BE-8425-DEF2C4055048}.LIB_Release|x64.Build.0 = Release|x64
		{0B296545-8036-48BE-8425-DEF2C4055048}.Release|Any CPU.ActiveCfg = Release|Win32
		{0B296545-8036-48BE-8425-DEF2C4055048}.Release|ARM.ActiveCfg = Release|ARM
		{0B296545-8036-48BE-8425-DEF2C4055048}.Release|ARM.Build.0 = Release|ARM
		{0B296545-8036-48BE-8425-DEF2C4055048}.Release|Win32.ActiveCfg = Release|Win32
		{0B296545-8036-48BE-8425-DEF2C4055048}.Release|Win32.Build.0 = Release|Win32
		{0B296545-8036-48BE-8425-DEF2C4055048}.Release|x64.ActiveCfg = Release|x64
		{0B296545-8036-48BE-8425-DEF2C4055048}.Release|x64.Build.0 = Release|x64
		{04C32229-7195-4B8A-9316-9F6C4ECB8F6A}.Debug|Any CPU.ActiveCfg = Debug|x86
		{04C32229-7195-4B8A-9316-9F6C4ECB8F6A}.Debug|ARM.ActiveCfg = Debug|ARM
		{04C32229-7195-4B8A-9316-9F6C4ECB8F6A}.Debug|ARM.Build.0 = Debug|ARM
		{04C32229-7195-4B8A-9316-9F6C4ECB8F6A}.Debug|ARM.Deploy.0 = Debug|ARM
		{04C32229-7195-4B8A-9316-9F6C4ECB8F6A}.Debug|Win32.ActiveCfg = Debug|x86
		{04C32229-7195-4B8A-9316-9F6C4ECB8F6A}.Debug|Win32.Build.0 = Debug|x86
		{04C32229-7195-4B8A-9316-9F6C4ECB8F6A}.Debug|Win32.Deploy.0 = Debug|x86
		{04C32229-7195-4B8A-9316-9F6C4ECB8F6A}.Debug|x64.ActiveCfg = Debug|x64
		{04C32229-7195-4B8A-9316-9F6C4ECB8F6A}.Debug|x64.Build.0 = Debug|x64
		{04C32229-7195-4B8A-9316-9F6C4ECB8F6A}.Debug|x64.Deploy.0 = Debug|x64
		{04C32229-7195-4B8A-9316-9F6C4ECB8F6A}.DLL_Debug|Any CPU.ActiveCfg = Release|x64
		{04C32229-7195-4B8A-9316-9F6C4ECB8F6A}.DLL_Debug|Any CPU.Build.0 = Release|x64
		{04C32229-7195-4B8A-9316-9F6C4ECB8F6A}.DLL_Debug|Any CPU.Deploy.0 = Release|x64
		{04C32229-7195-4B8A-9316-9F6C4ECB8F6A}.DLL_Debug|ARM.ActiveCfg = Debug|ARM
		{04C32229-7195-4B8A-9316-9F6C4ECB8F6A}.DLL_Debug|ARM.Build.0 = Debug|ARM
		{04C32229-7195-4B8A-9316-9F6C4ECB8F6A}.DLL_Debug|ARM.Deploy.0 = Debug|ARM
		{04C32229-7195-4B8A-9316-9F6C4ECB8F6A}.DLL_Debug|Win32.ActiveCfg = Debug|x86
		{04C32229-7195-4B8A-9316-9F6C4ECB8F6A}.DLL_Debug|Win32.Build.0 = Debug|x86
		{04C32229-7195-4B8A-9316-9F6C4ECB8F6A}.DLL_Debug|Win32.Deploy.0 = Debug|x86
		{04C32229-7195-4B8A-9316-9F6C4ECB8F6A}.DLL_Debug|x64.ActiveCfg = Debug|x64
		{04C32229-7195-4B8A-9316-9F6C4ECB8F6A}.DLL_Debug|x64.Build.0 = Debug|x64
		{04C32229-7195-4B8A-9316-9F6C4ECB8F6A}.DLL_Debug|x64.Deploy.0 = Debug|x64
		{04C32229-7195-4B8A-9316-9F6C4ECB8F6A}.DLL_Release|Any CPU.ActiveCfg = Release|x64
		{04C32229-7195-4B8A-9316-9F6C4ECB8F6A}.DLL_Release|Any CPU.Build.0 = Release|x64
		{04C32229-7195-4B8A-9316-9F6C4ECB8F6A}.DLL_Release|Any CPU.Deploy.0 = Release|x64
		{04C32229-7195-4B8A-9316-9F6C4ECB8F6A}.DLL_Release|ARM.ActiveCfg = Release|ARM
		{04C32229-7195-4B8A-9316-9F6C4ECB8F6A}.DLL_Release|ARM.Build.0 = Release|ARM
		{04C32229-7195-4B8A-9316-9F6C4ECB8F6A}.DLL_Release|ARM.Deploy.0 = Release|ARM
		{04C32229-7195-4B8A-9316-9F6C4ECB8F6A}.DLL_Release|Win32.ActiveCfg = Release|x86
		{04C32229-7195-4B8A-9316-9F6C4ECB8F6A}.DLL_Release|Win32.Build.0 = Release|x86
		{04C32229-7195-4B8A-9316-9F6C4ECB8F6A}.DLL_Release|Win32.Deploy.0 = Release|x86
		{04C32229-7195-4B8A-9316-9F6C4ECB8F6A}.DLL_Release|x64.ActiveCfg = Release|x64
		{04C32229-7195-4B8A-9316-9F6C4ECB8F6A}.DLL_Release|x64.Build.0 = Release|x64
		{04C32229-7195-4B8A-9316-9F6C4ECB8F6A}.DLL_Release|x64.Deploy.0 = Release|x64
		{04C32229-7195-4B8A-9316-9F6C4ECB8F6A}.LIB_Debug|Any CPU.ActiveCfg = Release|x64
		{04C32229-7195-4B8A-9316-9F6C4ECB8F6A}.LIB_Debug|Any CPU.Build.0 = Release|x64
		{04C32229-7195-4B8A-9316-9F6C4ECB8F6A}.LIB_Debug|Any CPU.Deploy.0 = Release|x64
		{04C32229-7195-4B8A-9316-9F6C4ECB8F6A}.LIB_Debug|ARM.ActiveCfg = Debug|ARM
		{04C32229-7195-4B8A-9316-9F6C4ECB8F6A}.LIB_Debug|ARM.Build.0 = Debug|ARM
		{04C32229-7195-4B8A-9316-9F6C4ECB8F6A}.LIB_Debug|ARM.Deploy.0 = Debug|ARM
		{04C32229-7195-4B8A-9316-9F6C4ECB8F6A}.LIB_Debug|Win32.ActiveCfg = Debug|x86
		{04C32229-7195-4B8A-9316-9F6C4ECB8F6A}.LIB_Debug|Win32.Build.0 = Debug|x86
		{04C32229-7195-4B8A-9316-9F6C4ECB8F6A}.LIB_Debug|Win32.Deploy.0 = Debug|x86
		{04C32229-7195-4B8A-9316-9F6C4ECB8F6A}.LIB_Debug|x64.ActiveCfg = Debug|x64
		{04C32229-7195-4B8A-9316-9F6C4ECB8F6A}.LIB_Debug|x64.Build.0 = Debug|x64
		{04C32229-7195-4B8A-9316-9F6C4ECB8F6A}.LIB_Debug|x64.Deploy.0 = Debug|x64
		{04C32229-7195-4B8A-9316-9F6C4ECB8F6A}.LIB_OpenCL_Debug|Any CPU.ActiveCfg = Release|x64
		{04C32229-7195-4B8A-9316-9F6C4ECB8F6A}.LIB_OpenCL_Debug|Any CPU.Build.0 = Release|x64
		{04C32229-7195-4B8A-9316-9F6C4ECB8F6A}.LIB_OpenCL_Debug|Any CPU.Deploy.0 = Release|x64
		{04C32229-7195-4B8A-9316-9F6C4ECB8F6A}.LIB_OpenCL_Debug|ARM.ActiveCfg = Debug|ARM
		{04C32229-7195-4B8A-9316-9F6C4ECB8F6A}.LIB_OpenCL_Debug|ARM.Build.0 = Debug|ARM
		{04C32229-7195-4B8A-9316-9F6C4ECB8F6A}.LIB_OpenCL_Debug|ARM.Deploy.0 = Debug|ARM
		{04C32229-7195-4B8A-9316-9F6C4ECB8F6A}.LIB_OpenCL_Debug|Win32.ActiveCfg = Debug|x86
		{04C32229-7195-4B8A-9316-9F6C4ECB8F6A}.LIB_OpenCL_Debug|Win32.Build.0 = Debug|x86
		{04C32229-7195-4B8A-9316-9F6C4ECB8F6A}.LIB_OpenCL_Debug|Win32.Deploy.0 = Debug|x86
		{04C32229-7195-4B8A-9316-9F6C4ECB8F6A}.LIB_OpenCL_Debug|x64.ActiveCfg = Debug|x64
		{04C32229-7195-4B8A-9316-9F6C4ECB8F6A}.LIB_OpenCL_Debug|x64.Build.0 = Debug|x64
		{04C32229-7195-4B8A-9316-9F6C4ECB8F6A}.LIB_OpenCL_Debug|x64.Deploy.0 = Debug|x64
		{04C32229-7195-4B8A-9316-9F6C4ECB8F6A}.LIB_OpenCL_Release|Any CPU.ActiveCfg = Release|x64
		{04C32229-7195-4B8A-9316-9F6C4ECB8F6A}.LIB_OpenCL_Release|Any CPU.Build.0 = Release|x64
		{04C32229-7195-4B8A-9316-9F6C4ECB8F6A}.LIB_OpenCL_Release|Any CPU.Deploy.0 = Release|x64
		{04C32229-7195-4B8A-9316-9F6C4ECB8F6A}.LIB_OpenCL_Release|ARM.ActiveCfg = Release|ARM
		{04C32229-7195-4B8A-9316-9F6C4ECB8F6A}.LIB_OpenCL_Release|ARM.Build.0 = Release|ARM
		{04C32229-7195-4B8A-9316-9F6C4ECB8F6A}.LIB_OpenCL_Release|ARM.Deploy.0 = Release|ARM
		{04C32229-7195-4B8A-9316-9F6C4ECB8F6A}.LIB_OpenCL_Release|Win32.ActiveCfg = Release|x86
		{04C32229-7195-4B8A-9316-9F6C4ECB8F6A}.LIB_OpenCL_Release|Win32.Build.0 = Release|x86
		{04C32229-7195-4B8A-9316-9F6C4ECB8F6A}.LIB_OpenCL_Release|Win32.Deploy.0 = Release|x86
		{04C32229-7195-4B8A-9316-9F6C4ECB8F6A}.LIB_OpenCL_Release|x64.ActiveCfg = Release|x64
		{04C32229-7195-4B8A-9316-9F6C4ECB8F6A}.LIB_OpenCL_Release|x64.Build.0 = Release|x64
		{04C32229-7195-4B8A-9316-9F6C4ECB8F6A}.LIB_OpenCL_Release|x64.Deploy.0 = Release|x64
		{04C32229-7195-4B8A-9316-9F6C4ECB8F6A}.LIB_Release|Any CPU.ActiveCfg = Release|x64
		{04C32229-7195-4B8A-9316-9F6C4ECB8F6A}.LIB_Release|Any CPU.Build.0 = Release|x64
		{04C32229-7195-4B8A-9316-9F6C4ECB8F6A}.LIB_Release|Any CPU.Deploy.0 = Release|x64
		{04C32229-7195-4B8A-9316-9F6C4ECB8F6A}.LIB_Release|ARM.ActiveCfg = Release|ARM
		{04C32229-7195-4B8A-9316-9F6C4ECB8F6A}.LIB_Release|ARM.Build.0 = Release|ARM
		{04C32229-7195-4B8A-9316-9F6C4ECB8F6A}.LIB_Release|ARM.Deploy.0 = Release|ARM
		{04C32229-7195-4B8A-9316-9F6C4ECB8F6A}.LIB_Release|Win32.ActiveCfg = Release|x86
		{04C32229-7195-4B8A-9316-9F6C4ECB8F6A}.LIB_Release|Win32.Build.0 = Release|x86
		{04C32229-7195-4B8A-9316-9F6C4ECB8F6A}.LIB_Release|Win32.Deploy.0 = Release|x86
		{04C32229-7195-4B8A-9316-9F6C4ECB8F6A}.LIB_Release|x64.ActiveCfg = Release|x64
		{04C32229-7195-4B8A-9316-9F6C4ECB8F6A}.LIB_Release|x64.Build.0 = Release|x64
		{04C32229-7195-4B8A-9316-9F6C4ECB8F6A}.LIB_Release|x64.Deploy.0 = Release|x64
		{04C32229-7195-4B8A-9316-9F6C4ECB8F6A}.Release|Any CPU.ActiveCfg = Release|x86
		{04C32229-7195-4B8A-9316-9F6C4ECB8F6A}.Release|ARM.ActiveCfg = Release|ARM
		{04C32229-7195-4B8A-9316-9F6C4ECB8F6A}.Release|ARM.Build.0 = Release|ARM
		{04C32229-7195-4B8A-9316-9F6C4ECB8F6A}.Release|ARM.Deploy.0 = Release|ARM
		{04C32229-7195-4B8A-9316-9F6C4ECB8F6A}.Release|Win32.ActiveCfg = Release|x86
		{04C32229-7195-4B8A-9316-9F6C4ECB8F6A}.Release|Win32.Build.0 = Release|x86
		{04C32229-7195-4B8A-9316-9F6C4ECB8F6A}.Release|Win32.Deploy.0 = Release|x86
		{04C32229-7195-4B8A-9316-9F6C4ECB8F6A}.Release|x64.ActiveCfg = Release|x64
		{04C32229-7195-4B8A-9316-9F6C4ECB8F6A}.Release|x64.Build.0 = Release|x64
		{04C32229-7195-4B8A-9316-9F6C4ECB8F6A}.Release|x64.Deploy.0 = Release|x64
		{D009275B-BC1C-4EE7-AB0D-B93607CAA8E0}.Debug|Any CPU.ActiveCfg = Debug|Any CPU
		{D009275B-BC1C-4EE7-AB0D-B93607CAA8E0}.Debug|Any CPU.Build.0 = Debug|Any CPU
		{D009275B-BC1C-4EE7-AB0D-B93607CAA8E0}.Debug|ARM.ActiveCfg = Debug|Any CPU
		{D009275B-BC1C-4EE7-AB0D-B93607CAA8E0}.Debug|ARM.Build.0 = Debug|Any CPU
		{D009275B-BC1C-4EE7-AB0D-B93607CAA8E0}.Debug|Win32.ActiveCfg = Debug|Any CPU
		{D009275B-BC1C-4EE7-AB0D-B93607CAA8E0}.Debug|Win32.Build.0 = Debug|Any CPU
		{D009275B-BC1C-4EE7-AB0D-B93607CAA8E0}.Debug|x64.ActiveCfg = Debug|Any CPU
		{D009275B-BC1C-4EE7-AB0D-B93607CAA8E0}.Debug|x64.Build.0 = Debug|Any CPU
		{D009275B-BC1C-4EE7-AB0D-B93607CAA8E0}.DLL_Debug|Any CPU.ActiveCfg = Debug|Any CPU
		{D009275B-BC1C-4EE7-AB0D-B93607CAA8E0}.DLL_Debug|Any CPU.Build.0 = Debug|Any CPU
		{D009275B-BC1C-4EE7-AB0D-B93607CAA8E0}.DLL_Debug|ARM.ActiveCfg = Debug|Any CPU
		{D009275B-BC1C-4EE7-AB0D-B93607CAA8E0}.DLL_Debug|ARM.Build.0 = Debug|Any CPU
		{D009275B-BC1C-4EE7-AB0D-B93607CAA8E0}.DLL_Debug|Win32.ActiveCfg = Debug|Any CPU
		{D009275B-BC1C-4EE7-AB0D-B93607CAA8E0}.DLL_Debug|Win32.Build.0 = Debug|Any CPU
		{D009275B-BC1C-4EE7-AB0D-B93607CAA8E0}.DLL_Debug|x64.ActiveCfg = Debug|Any CPU
		{D009275B-BC1C-4EE7-AB0D-B93607CAA8E0}.DLL_Debug|x64.Build.0 = Debug|Any CPU
		{D009275B-BC1C-4EE7-AB0D-B93607CAA8E0}.DLL_Release|Any CPU.ActiveCfg = Release|Any CPU
		{D009275B-BC1C-4EE7-AB0D-B93607CAA8E0}.DLL_Release|Any CPU.Build.0 = Release|Any CPU
		{D009275B-BC1C-4EE7-AB0D-B93607CAA8E0}.DLL_Release|ARM.ActiveCfg = Release|Any CPU
		{D009275B-BC1C-4EE7-AB0D-B93607CAA8E0}.DLL_Release|ARM.Build.0 = Release|Any CPU
		{D009275B-BC1C-4EE7-AB0D-B93607CAA8E0}.DLL_Release|Win32.ActiveCfg = Release|Any CPU
		{D009275B-BC1C-4EE7-AB0D-B93607CAA8E0}.DLL_Release|Win32.Build.0 = Release|Any CPU
		{D009275B-BC1C-4EE7-AB0D-B93607CAA8E0}.DLL_Release|x64.ActiveCfg = Release|Any CPU
		{D009275B-BC1C-4EE7-AB0D-B93607CAA8E0}.DLL_Release|x64.Build.0 = Release|Any CPU
		{D009275B-BC1C-4EE7-AB0D-B93607CAA8E0}.LIB_Debug|Any CPU.ActiveCfg = Debug|Any CPU
		{D009275B-BC1C-4EE7-AB0D-B93607CAA8E0}.LIB_Debug|Any CPU.Build.0 = Debug|Any CPU
		{D009275B-BC1C-4EE7-AB0D-B93607CAA8E0}.LIB_Debug|ARM.ActiveCfg = Debug|Any CPU
		{D009275B-BC1C-4EE7-AB0D-B93607CAA8E0}.LIB_Debug|ARM.Build.0 = Debug|Any CPU
		{D009275B-BC1C-4EE7-AB0D-B93607CAA8E0}.LIB_Debug|Win32.ActiveCfg = Debug|Any CPU
		{D009275B-BC1C-4EE7-AB0D-B93607CAA8E0}.LIB_Debug|Win32.Build.0 = Debug|Any CPU
		{D009275B-BC1C-4EE7-AB0D-B93607CAA8E0}.LIB_Debug|x64.ActiveCfg = Debug|Any CPU
		{D009275B-BC1C-4EE7-AB0D-B93607CAA8E0}.LIB_Debug|x64.Build.0 = Debug|Any CPU
		{D009275B-BC1C-4EE7-AB0D-B93607CAA8E0}.LIB_OpenCL_Debug|Any CPU.ActiveCfg = Debug|Any CPU
		{D009275B-BC1C-4EE7-AB0D-B93607CAA8E0}.LIB_OpenCL_Debug|Any CPU.Build.0 = Debug|Any CPU
		{D009275B-BC1C-4EE7-AB0D-B93607CAA8E0}.LIB_OpenCL_Debug|ARM.ActiveCfg = Debug|Any CPU
		{D009275B-BC1C-4EE7-AB0D-B93607CAA8E0}.LIB_OpenCL_Debug|ARM.Build.0 = Debug|Any CPU
		{D009275B-BC1C-4EE7-AB0D-B93607CAA8E0}.LIB_OpenCL_Debug|Win32.ActiveCfg = Debug|Any CPU
		{D009275B-BC1C-4EE7-AB0D-B93607CAA8E0}.LIB_OpenCL_Debug|Win32.Build.0 = Debug|Any CPU
		{D009275B-BC1C-4EE7-AB0D-B93607CAA8E0}.LIB_OpenCL_Debug|x64.ActiveCfg = Debug|Any CPU
		{D009275B-BC1C-4EE7-AB0D-B93607CAA8E0}.LIB_OpenCL_Debug|x64.Build.0 = Debug|Any CPU
		{D009275B-BC1C-4EE7-AB0D-B93607CAA8E0}.LIB_OpenCL_Release|Any CPU.ActiveCfg = Release|Any CPU
		{D009275B-BC1C-4EE7-AB0D-B93607CAA8E0}.LIB_OpenCL_Release|Any CPU.Build.0 = Release|Any CPU
		{D009275B-BC1C-4EE7-AB0D-B93607CAA8E0}.LIB_OpenCL_Release|ARM.ActiveCfg = Release|Any CPU
		{D009275B-BC1C-4EE7-AB0D-B93607CAA8E0}.LIB_OpenCL_Release|ARM.Build.0 = Release|Any CPU
		{D009275B-BC1C-4EE7-AB0D-B93607CAA8E0}.LIB_OpenCL_Release|Win32.ActiveCfg = Release|Any CPU
		{D009275B-BC1C-4EE7-AB0D-B93607CAA8E0}.LIB_OpenCL_Release|Win32.Build.0 = Release|Any CPU
		{D009275B-BC1C-4EE7-AB0D-B93607CAA8E0}.LIB_OpenCL_Release|x64.ActiveCfg = Release|Any CPU
		{D009275B-BC1C-4EE7-AB0D-B93607CAA8E0}.LIB_OpenCL_Release|x64.Build.0 = Release|Any CPU
		{D009275B-BC1C-4EE7-AB0D-B93607CAA8E0}.LIB_Release|Any CPU.ActiveCfg = Release|Any CPU
		{D009275B-BC1C-4EE7-AB0D-B93607CAA8E0}.LIB_Release|Any CPU.Build.0 = Release|Any CPU
		{D009275B-BC1C-4EE7-AB0D-B93607CAA8E0}.LIB_Release|ARM.ActiveCfg = Release|Any CPU
		{D009275B-BC1C-4EE7-AB0D-B93607CAA8E0}.LIB_Release|ARM.Build.0 = Release|Any CPU
		{D009275B-BC1C-4EE7-AB0D-B93607CAA8E0}.LIB_Release|Win32.ActiveCfg = Release|Any CPU
		{D009275B-BC1C-4EE7-AB0D-B93607CAA8E0}.LIB_Release|Win32.Build.0 = Release|Any CPU
		{D009275B-BC1C-4EE7-AB0D-B93607CAA8E0}.LIB_Release|x64.ActiveCfg = Release|Any CPU
		{D009275B-BC1C-4EE7-AB0D-B93607CAA8E0}.LIB_Release|x64.Build.0 = Release|Any CPU
		{D009275B-BC1C-4EE7-AB0D-B93607CAA8E0}.Release|Any CPU.ActiveCfg = Release|Any CPU
		{D009275B-BC1C-4EE7-AB0D-B93607CAA8E0}.Release|Any CPU.Build.0 = Release|Any CPU
		{D009275B-BC1C-4EE7-AB0D-B93607CAA8E0}.Release|ARM.ActiveCfg = Release|Any CPU
		{D009275B-BC1C-4EE7-AB0D-B93607CAA8E0}.Release|ARM.Build.0 = Release|Any CPU
		{D009275B-BC1C-4EE7-AB0D-B93607CAA8E0}.Release|Win32.ActiveCfg = Release|Any CPU
		{D009275B-BC1C-4EE7-AB0D-B93607CAA8E0}.Release|Win32.Build.0 = Release|Any CPU
		{D009275B-BC1C-4EE7-AB0D-B93607CAA8E0}.Release|x64.ActiveCfg = Release|Any CPU
		{D009275B-BC1C-4EE7-AB0D-B93607CAA8E0}.Release|x64.Build.0 = Release|Any CPU
		{30148D76-9B82-42FA-8934-66DCCD5D411B}.Debug|Any CPU.ActiveCfg = Debug|Win32
		{30148D76-9B82-42FA-8934-66DCCD5D411B}.Debug|ARM.ActiveCfg = Debug|ARM
		{30148D76-9B82-42FA-8934-66DCCD5D411B}.Debug|ARM.Build.0 = Debug|ARM
		{30148D76-9B82-42FA-8934-66DCCD5D411B}.Debug|Win32.ActiveCfg = Debug|Win32
		{30148D76-9B82-42FA-8934-66DCCD5D411B}.Debug|Win32.Build.0 = Debug|Win32
		{30148D76-9B82-42FA-8934-66DCCD5D411B}.Debug|x64.ActiveCfg = Debug|x64
		{30148D76-9B82-42FA-8934-66DCCD5D411B}.Debug|x64.Build.0 = Debug|x64
		{30148D76-9B82-42FA-8934-66DCCD5D411B}.DLL_Debug|Any CPU.ActiveCfg = Release|x64
		{30148D76-9B82-42FA-8934-66DCCD5D411B}.DLL_Debug|Any CPU.Build.0 = Release|x64
		{30148D76-9B82-42FA-8934-66DCCD5D411B}.DLL_Debug|ARM.ActiveCfg = Debug|ARM
		{30148D76-9B82-42FA-8934-66DCCD5D411B}.DLL_Debug|ARM.Build.0 = Debug|ARM
		{30148D76-9B82-42FA-8934-66DCCD5D411B}.DLL_Debug|Win32.ActiveCfg = Debug|Win32
		{30148D76-9B82-42FA-8934-66DCCD5D411B}.DLL_Debug|Win32.Build.0 = Debug|Win32
		{30148D76-9B82-42FA-8934-66DCCD5D411B}.DLL_Debug|x64.ActiveCfg = Debug|x64
		{30148D76-9B82-42FA-8934-66DCCD5D411B}.DLL_Debug|x64.Build.0 = Debug|x64
		{30148D76-9B82-42FA-8934-66DCCD5D411B}.DLL_Release|Any CPU.ActiveCfg = Release|x64
		{30148D76-9B82-42FA-8934-66DCCD5D411B}.DLL_Release|Any CPU.Build.0 = Release|x64
		{30148D76-9B82-42FA-8934-66DCCD5D411B}.DLL_Release|ARM.ActiveCfg = Release|ARM
		{30148D76-9B82-42FA-8934-66DCCD5D411B}.DLL_Release|ARM.Build.0 = Release|ARM
		{30148D76-9B82-42FA-8934-66DCCD5D411B}.DLL_Release|Win32.ActiveCfg = Release|Win32
		{30148D76-9B82-42FA-8934-66DCCD5D411B}.DLL_Release|Win32.Build.0 = Release|Win32
		{30148D76-9B82-42FA-8934-66DCCD5D411B}.DLL_Release|x64.ActiveCfg = Release|x64
		{30148D76-9B82-42FA-8934-66DCCD5D411B}.DLL_Release|x64.Build.0 = Release|x64
		{30148D76-9B82-42FA-8934-66DCCD5D411B}.LIB_Debug|Any CPU.ActiveCfg = Release|x64
		{30148D76-9B82-42FA-8934-66DCCD5D411B}.LIB_Debug|Any CPU.Build.0 = Release|x64
		{30148D76-9B82-42FA-8934-66DCCD5D411B}.LIB_Debug|ARM.ActiveCfg = Debug|ARM
		{30148D76-9B82-42FA-8934-66DCCD5D411B}.LIB_Debug|ARM.Build.0 = Debug|ARM
		{30148D76-9B82-42FA-8934-66DCCD5D411B}.LIB_Debug|Win32.ActiveCfg = Debug|Win32
		{30148D76-9B82-42FA-8934-66DCCD5D411B}.LIB_Debug|Win32.Build.0 = Debug|Win32
		{30148D76-9B82-42FA-8934-66DCCD5D411B}.LIB_Debug|x64.ActiveCfg = Debug|x64
		{30148D76-9B82-42FA-8934-66DCCD5D411B}.LIB_Debug|x64.Build.0 = Debug|x64
		{30148D76-9B82-42FA-8934-66DCCD5D411B}.LIB_OpenCL_Debug|Any CPU.ActiveCfg = Release|x64
		{30148D76-9B82-42FA-8934-66DCCD5D411B}.LIB_OpenCL_Debug|Any CPU.Build.0 = Release|x64
		{30148D76-9B82-42FA-8934-66DCCD5D411B}.LIB_OpenCL_Debug|ARM.ActiveCfg = Debug|ARM
		{30148D76-9B82-42FA-8934-66DCCD5D411B}.LIB_OpenCL_Debug|ARM.Build.0 = Debug|ARM
		{30148D76-9B82-42FA-8934-66DCCD5D411B}.LIB_OpenCL_Debug|Win32.ActiveCfg = Debug|Win32
		{30148D76-9B82-42FA-8934-66DCCD5D411B}.LIB_OpenCL_Debug|Win32.Build.0 = Debug|Win32
		{30148D76-9B82-42FA-8934-66DCCD5D411B}.LIB_OpenCL_Debug|x64.ActiveCfg = Debug|x64
		{30148D76-9B82-42FA-8934-66DCCD5D411B}.LIB_OpenCL_Debug|x64.Build.0 = Debug|x64
		{30148D76-9B82-42FA-8934-66DCCD5D411B}.LIB_OpenCL_Release|Any CPU.ActiveCfg = Release|x64
		{30148D76-9B82-42FA-8934-66DCCD5D411B}.LIB_OpenCL_Release|Any CPU.Build.0 = Release|x64
		{30148D76-9B82-42FA-8934-66DCCD5D411B}.LIB_OpenCL_Release|ARM.ActiveCfg = Release|ARM
		{30148D76-9B82-42FA-8934-66DCCD5D411B}.LIB_OpenCL_Release|ARM.Build.0 = Release|ARM
		{30148D76-9B82-42FA-8934-66DCCD5D411B}.LIB_OpenCL_Release|Win32.ActiveCfg = Release|Win32
		{30148D76-9B82-42FA-8934-66DCCD5D411B}.LIB_OpenCL_Release|Win32.Build.0 = Release|Win32
		{30148D76-9B82-42FA-8934-66DCCD5D411B}.LIB_OpenCL_Release|x64.ActiveCfg = Release|x64
		{30148D76-9B82-42FA-8934-66DCCD5D411B}.LIB_OpenCL_Release|x64.Build.0 = Release|x64
		{30148D76-9B82-42FA-8934-66DCCD5D411B}.LIB_Release|Any CPU.ActiveCfg = Release|x64
		{30148D76-9B82-42FA-8934-66DCCD5D411B}.LIB_Release|Any CPU.Build.0 = Release|x64
		{30148D76-9B82-42FA-8934-66DCCD5D411B}.LIB_Release|ARM.ActiveCfg = Release|ARM
		{30148D76-9B82-42FA-8934-66DCCD5D411B}.LIB_Release|ARM.Build.0 = Release|ARM
		{30148D76-9B82-42FA-8934-66DCCD5D411B}.LIB_Release|Win32.ActiveCfg = Release|Win32
		{30148D76-9B82-42FA-8934-66DCCD5D411B}.LIB_Release|Win32.Build.0 = Release|Win32
		{30148D76-9B82-42FA-8934-66DCCD5D411B}.LIB_Release|x64.ActiveCfg = Release|x64
		{30148D76-9B82-42FA-8934-66DCCD5D411B}.LIB_Release|x64.Build.0 = Release|x64
		{30148D76-9B82-42FA-8934-66DCCD5D411B}.Release|Any CPU.ActiveCfg = Release|Win32
		{30148D76-9B82-42FA-8934-66DCCD5D411B}.Release|ARM.ActiveCfg = Release|ARM
		{30148D76-9B82-42FA-8934-66DCCD5D411B}.Release|ARM.Build.0 = Release|ARM
		{30148D76-9B82-42FA-8934-66DCCD5D411B}.Release|Win32.ActiveCfg = Release|Win32
		{30148D76-9B82-42FA-8934-66DCCD5D411B}.Release|Win32.Build.0 = Release|Win32
		{30148D76-9B82-42FA-8934-66DCCD5D411B}.Release|x64.ActiveCfg = Release|x64
		{30148D76-9B82-42FA-8934-66DCCD5D411B}.Release|x64.Build.0 = Release|x64
		{21D937E5-53EA-4EED-B9BA-6FF6BE12D71C}.Debug|Any CPU.ActiveCfg = Debug|Win32
		{21D937E5-53EA-4EED-B9BA-6FF6BE12D71C}.Debug|ARM.ActiveCfg = Debug|ARM
		{21D937E5-53EA-4EED-B9BA-6FF6BE12D71C}.Debug|ARM.Build.0 = Debug|ARM
		{21D937E5-53EA-4EED-B9BA-6FF6BE12D71C}.Debug|Win32.ActiveCfg = Debug|Win32
		{21D937E5-53EA-4EED-B9BA-6FF6BE12D71C}.Debug|Win32.Build.0 = Debug|Win32
		{21D937E5-53EA-4EED-B9BA-6FF6BE12D71C}.Debug|x64.ActiveCfg = Debug|Win32
		{21D937E5-53EA-4EED-B9BA-6FF6BE12D71C}.DLL_Debug|Any CPU.ActiveCfg = Release|ARM
		{21D937E5-53EA-4EED-B9BA-6FF6BE12D71C}.DLL_Debug|Any CPU.Build.0 = Release|ARM
		{21D937E5-53EA-4EED-B9BA-6FF6BE12D71C}.DLL_Debug|ARM.ActiveCfg = Debug|ARM
		{21D937E5-53EA-4EED-B9BA-6FF6BE12D71C}.DLL_Debug|ARM.Build.0 = Debug|ARM
		{21D937E5-53EA-4EED-B9BA-6FF6BE12D71C}.DLL_Debug|Win32.ActiveCfg = Debug|Win32
		{21D937E5-53EA-4EED-B9BA-6FF6BE12D71C}.DLL_Debug|Win32.Build.0 = Debug|Win32
		{21D937E5-53EA-4EED-B9BA-6FF6BE12D71C}.DLL_Debug|x64.ActiveCfg = Release|ARM
		{21D937E5-53EA-4EED-B9BA-6FF6BE12D71C}.DLL_Debug|x64.Build.0 = Release|ARM
		{21D937E5-53EA-4EED-B9BA-6FF6BE12D71C}.DLL_Release|Any CPU.ActiveCfg = Release|ARM
		{21D937E5-53EA-4EED-B9BA-6FF6BE12D71C}.DLL_Release|Any CPU.Build.0 = Release|ARM
		{21D937E5-53EA-4EED-B9BA-6FF6BE12D71C}.DLL_Release|ARM.ActiveCfg = Release|ARM
		{21D937E5-53EA-4EED-B9BA-6FF6BE12D71C}.DLL_Release|ARM.Build.0 = Release|ARM
		{21D937E5-53EA-4EED-B9BA-6FF6BE12D71C}.DLL_Release|Win32.ActiveCfg = Release|Win32
		{21D937E5-53EA-4EED-B9BA-6FF6BE12D71C}.DLL_Release|Win32.Build.0 = Release|Win32
		{21D937E5-53EA-4EED-B9BA-6FF6BE12D71C}.DLL_Release|x64.ActiveCfg = Release|ARM
		{21D937E5-53EA-4EED-B9BA-6FF6BE12D71C}.DLL_Release|x64.Build.0 = Release|ARM
		{21D937E5-53EA-4EED-B9BA-6FF6BE12D71C}.LIB_Debug|Any CPU.ActiveCfg = Release|ARM
		{21D937E5-53EA-4EED-B9BA-6FF6BE12D71C}.LIB_Debug|Any CPU.Build.0 = Release|ARM
		{21D937E5-53EA-4EED-B9BA-6FF6BE12D71C}.LIB_Debug|ARM.ActiveCfg = Debug|ARM
		{21D937E5-53EA-4EED-B9BA-6FF6BE12D71C}.LIB_Debug|ARM.Build.0 = Debug|ARM
		{21D937E5-53EA-4EED-B9BA-6FF6BE12D71C}.LIB_Debug|Win32.ActiveCfg = Debug|Win32
		{21D937E5-53EA-4EED-B9BA-6FF6BE12D71C}.LIB_Debug|Win32.Build.0 = Debug|Win32
		{21D937E5-53EA-4EED-B9BA-6FF6BE12D71C}.LIB_Debug|x64.ActiveCfg = Release|ARM
		{21D937E5-53EA-4EED-B9BA-6FF6BE12D71C}.LIB_Debug|x64.Build.0 = Release|ARM
		{21D937E5-53EA-4EED-B9BA-6FF6BE12D71C}.LIB_OpenCL_Debug|Any CPU.ActiveCfg = Release|ARM
		{21D937E5-53EA-4EED-B9BA-6FF6BE12D71C}.LIB_OpenCL_Debug|Any CPU.Build.0 = Release|ARM
		{21D937E5-53EA-4EED-B9BA-6FF6BE12D71C}.LIB_OpenCL_Debug|ARM.ActiveCfg = Debug|ARM
		{21D937E5-53EA-4EED-B9BA-6FF6BE12D71C}.LIB_OpenCL_Debug|ARM.Build.0 = Debug|ARM
		{21D937E5-53EA-4EED-B9BA-6FF6BE12D71C}.LIB_OpenCL_Debug|Win32.ActiveCfg = Debug|Win32
		{21D937E5-53EA-4EED-B9BA-6FF6BE12D71C}.LIB_OpenCL_Debug|Win32.Build.0 = Debug|Win32
		{21D937E5-53EA-4EED-B9BA-6FF6BE12D71C}.LIB_OpenCL_Debug|x64.ActiveCfg = Release|ARM
		{21D937E5-53EA-4EED-B9BA-6FF6BE12D71C}.LIB_OpenCL_Debug|x64.Build.0 = Release|ARM
		{21D937E5-53EA-4EED-B9BA-6FF6BE12D71C}.LIB_OpenCL_Release|Any CPU.ActiveCfg = Release|ARM
		{21D937E5-53EA-4EED-B9BA-6FF6BE12D71C}.LIB_OpenCL_Release|Any CPU.Build.0 = Release|ARM
		{21D937E5-53EA-4EED-B9BA-6FF6BE12D71C}.LIB_OpenCL_Release|ARM.ActiveCfg = Release|ARM
		{21D937E5-53EA-4EED-B9BA-6FF6BE12D71C}.LIB_OpenCL_Release|ARM.Build.0 = Release|ARM
		{21D937E5-53EA-4EED-B9BA-6FF6BE12D71C}.LIB_OpenCL_Release|Win32.ActiveCfg = Release|Win32
		{21D937E5-53EA-4EED-B9BA-6FF6BE12D71C}.LIB_OpenCL_Release|Win32.Build.0 = Release|Win32
		{21D937E5-53EA-4EED-B9BA-6FF6BE12D71C}.LIB_OpenCL_Release|x64.ActiveCfg = Release|ARM
		{21D937E5-53EA-4EED-B9BA-6FF6BE12D71C}.LIB_OpenCL_Release|x64.Build.0 = Release|ARM
		{21D937E5-53EA-4EED-B9BA-6FF6BE12D71C}.LIB_Release|Any CPU.ActiveCfg = Release|ARM
		{21D937E5-53EA-4EED-B9BA-6FF6BE12D71C}.LIB_Release|Any CPU.Build.0 = Release|ARM
		{21D937E5-53EA-4EED-B9BA-6FF6BE12D71C}.LIB_Release|ARM.ActiveCfg = Release|ARM
		{21D937E5-53EA-4EED-B9BA-6FF6BE12D71C}.LIB_Release|ARM.Build.0 = Release|ARM
		{21D937E5-53EA-4EED-B9BA-6FF6BE12D71C}.LIB_Release|Win32.ActiveCfg = Release|Win32
		{21D937E5-53EA-4EED-B9BA-6FF6BE12D71C}.LIB_Release|Win32.Build.0 = Release|Win32
		{21D937E5-53EA-4EED-B9BA-6FF6BE12D71C}.LIB_Release|x64.ActiveCfg = Release|ARM
		{21D937E5-53EA-4EED-B9BA-6FF6BE12D71C}.LIB_Release|x64.Build.0 = Release|ARM
		{21D937E5-53EA-4EED-B9BA-6FF6BE12D71C}.Release|Any CPU.ActiveCfg = Release|Win32
		{21D937E5-53EA-4EED-B9BA-6FF6BE12D71C}.Release|ARM.ActiveCfg = Release|ARM
		{21D937E5-53EA-4EED-B9BA-6FF6BE12D71C}.Release|ARM.Build.0 = Release|ARM
		{21D937E5-53EA-4EED-B9BA-6FF6BE12D71C}.Release|Win32.ActiveCfg = Release|Win32
		{21D937E5-53EA-4EED-B9BA-6FF6BE12D71C}.Release|Win32.Build.0 = Release|Win32
		{21D937E5-53EA-4EED-B9BA-6FF6BE12D71C}.Release|x64.ActiveCfg = Release|Win32
		{BDA6BA51-FBD5-4846-B2A1-A9FD09D22B02}.Debug|Any CPU.ActiveCfg = Debug|Win32
		{BDA6BA51-FBD5-4846-B2A1-A9FD09D22B02}.Debug|ARM.ActiveCfg = Debug|ARM
		{BDA6BA51-FBD5-4846-B2A1-A9FD09D22B02}.Debug|ARM.Build.0 = Debug|ARM
		{BDA6BA51-FBD5-4846-B2A1-A9FD09D22B02}.Debug|Win32.ActiveCfg = Debug|Win32
		{BDA6BA51-FBD5-4846-B2A1-A9FD09D22B02}.Debug|Win32.Build.0 = Debug|Win32
		{BDA6BA51-FBD5-4846-B2A1-A9FD09D22B02}.Debug|x64.ActiveCfg = Debug|x64
		{BDA6BA51-FBD5-4846-B2A1-A9FD09D22B02}.Debug|x64.Build.0 = Debug|x64
		{BDA6BA51-FBD5-4846-B2A1-A9FD09D22B02}.DLL_Debug|Any CPU.ActiveCfg = Release|x64
		{BDA6BA51-FBD5-4846-B2A1-A9FD09D22B02}.DLL_Debug|Any CPU.Build.0 = Release|x64
		{BDA6BA51-FBD5-4846-B2A1-A9FD09D22B02}.DLL_Debug|ARM.ActiveCfg = Debug|ARM
		{BDA6BA51-FBD5-4846-B2A1-A9FD09D22B02}.DLL_Debug|ARM.Build.0 = Debug|ARM
		{BDA6BA51-FBD5-4846-B2A1-A9FD09D22B02}.DLL_Debug|Win32.ActiveCfg = Debug|Win32
		{BDA6BA51-FBD5-4846-B2A1-A9FD09D22B02}.DLL_Debug|Win32.Build.0 = Debug|Win32
		{BDA6BA51-FBD5-4846-B2A1-A9FD09D22B02}.DLL_Debug|x64.ActiveCfg = Debug|x64
		{BDA6BA51-FBD5-4846-B2A1-A9FD09D22B02}.DLL_Debug|x64.Build.0 = Debug|x64
		{BDA6BA51-FBD5-4846-B2A1-A9FD09D22B02}.DLL_Release|Any CPU.ActiveCfg = Release|x64
		{BDA6BA51-FBD5-4846-B2A1-A9FD09D22B02}.DLL_Release|Any CPU.Build.0 = Release|x64
		{BDA6BA51-FBD5-4846-B2A1-A9FD09D22B02}.DLL_Release|ARM.ActiveCfg = Release|ARM
		{BDA6BA51-FBD5-4846-B2A1-A9FD09D22B02}.DLL_Release|ARM.Build.0 = Release|ARM
		{BDA6BA51-FBD5-4846-B2A1-A9FD09D22B02}.DLL_Release|Win32.ActiveCfg = Release|Win32
		{BDA6BA51-FBD5-4846-B2A1-A9FD09D22B02}.DLL_Release|Win32.Build.0 = Release|Win32
		{BDA6BA51-FBD5-4846-B2A1-A9FD09D22B02}.DLL_Release|x64.ActiveCfg = Release|x64
		{BDA6BA51-FBD5-4846-B2A1-A9FD09D22B02}.DLL_Release|x64.Build.0 = Release|x64
		{BDA6BA51-FBD5-4846-B2A1-A9FD09D22B02}.LIB_Debug|Any CPU.ActiveCfg = Release|x64
		{BDA6BA51-FBD5-4846-B2A1-A9FD09D22B02}.LIB_Debug|Any CPU.Build.0 = Release|x64
		{BDA6BA51-FBD5-4846-B2A1-A9FD09D22B02}.LIB_Debug|ARM.ActiveCfg = Debug|ARM
		{BDA6BA51-FBD5-4846-B2A1-A9FD09D22B02}.LIB_Debug|ARM.Build.0 = Debug|ARM
		{BDA6BA51-FBD5-4846-B2A1-A9FD09D22B02}.LIB_Debug|Win32.ActiveCfg = Debug|Win32
		{BDA6BA51-FBD5-4846-B2A1-A9FD09D22B02}.LIB_Debug|Win32.Build.0 = Debug|Win32
		{BDA6BA51-FBD5-4846-B2A1-A9FD09D22B02}.LIB_Debug|x64.ActiveCfg = Debug|x64
		{BDA6BA51-FBD5-4846-B2A1-A9FD09D22B02}.LIB_Debug|x64.Build.0 = Debug|x64
		{BDA6BA51-FBD5-4846-B2A1-A9FD09D22B02}.LIB_OpenCL_Debug|Any CPU.ActiveCfg = Release|x64
		{BDA6BA51-FBD5-4846-B2A1-A9FD09D22B02}.LIB_OpenCL_Debug|Any CPU.Build.0 = Release|x64
		{BDA6BA51-FBD5-4846-B2A1-A9FD09D22B02}.LIB_OpenCL_Debug|ARM.ActiveCfg = Debug|ARM
		{BDA6BA51-FBD5-4846-B2A1-A9FD09D22B02}.LIB_OpenCL_Debug|ARM.Build.0 = Debug|ARM
		{BDA6BA51-FBD5-4846-B2A1-A9FD09D22B02}.LIB_OpenCL_Debug|Win32.ActiveCfg = Debug|Win32
		{BDA6BA51-FBD5-4846-B2A1-A9FD09D22B02}.LIB_OpenCL_Debug|Win32.Build.0 = Debug|Win32
		{BDA6BA51-FBD5-4846-B2A1-A9FD09D22B02}.LIB_OpenCL_Debug|x64.ActiveCfg = Debug|x64
		{BDA6BA51-FBD5-4846-B2A1-A9FD09D22B02}.LIB_OpenCL_Debug|x64.Build.0 = Debug|x64
		{BDA6BA51-FBD5-4846-B2A1-A9FD09D22B02}.LIB_OpenCL_Release|Any CPU.ActiveCfg = Release|x64
		{BDA6BA51-FBD5-4846-B2A1-A9FD09D22B02}.LIB_OpenCL_Release|Any CPU.Build.0 = Release|x64
		{BDA6BA51-FBD5-4846-B2A1-A9FD09D22B02}.LIB_OpenCL_Release|ARM.ActiveCfg = Release|ARM
		{BDA6BA51-FBD5-4846-B2A1-A9FD09D22B02}.LIB_OpenCL_Release|ARM.Build.0 = Release|ARM
		{BDA6BA51-FBD5-4846-B2A1-A9FD09D22B02}.LIB_OpenCL_Release|Win32.ActiveCfg = Release|Win32
		{BDA6BA51-FBD5-4846-B2A1-A9FD09D22B02}.LIB_OpenCL_Release|Win32.Build.0 = Release|Win32
		{BDA6BA51-FBD5-4846-B2A1-A9FD09D22B02}.LIB_OpenCL_Release|x64.ActiveCfg = Release|x64
		{BDA6BA51-FBD5-4846-B2A1-A9FD09D22B02}.LIB_OpenCL_Release|x64.Build.0 = Release|x64
		{BDA6BA51-FBD5-4846-B2A1-A9FD09D22B02}.LIB_Release|Any CPU.ActiveCfg = Release|x64
		{BDA6BA51-FBD5-4846-B2A1-A9FD09D22B02}.LIB_Release|Any CPU.Build.0 = Release|x64
		{BDA6BA51-FBD5-4846-B2A1-A9FD09D22B02}.LIB_Release|ARM.ActiveCfg = Release|ARM
		{BDA6BA51-FBD5-4846-B2A1-A9FD09D22B02}.LIB_Release|ARM.Build.0 = Release|ARM
		{BDA6BA51-FBD5-4846-B2A1-A9FD09D22B02}.LIB_Release|Win32.ActiveCfg = Release|Win32
		{BDA6BA51-FBD5-4846-B2A1-A9FD09D22B02}.LIB_Release|Win32.Build.0 = Release|Win32
		{BDA6BA51-FBD5-4846-B2A1-A9FD09D22B02}.LIB_Release|x64.ActiveCfg = Release|x64
		{BDA6BA51-FBD5-4846-B2A1-A9FD09D22B02}.LIB_Release|x64.Build.0 = Release|x64
		{BDA6BA51-FBD5-4846-B2A1-A9FD09D22B02}.Release|Any CPU.ActiveCfg = Release|Win32
		{BDA6BA51-FBD5-4846-B2A1-A9FD09D22B02}.Release|ARM.ActiveCfg = Release|ARM
		{BDA6BA51-FBD5-4846-B2A1-A9FD09D22B02}.Release|ARM.Build.0 = Release|ARM
		{BDA6BA51-FBD5-4846-B2A1-A9FD09D22B02}.Release|Win32.ActiveCfg = Release|Win32
		{BDA6BA51-FBD5-4846-B2A1-A9FD09D22B02}.Release|Win32.Build.0 = Release|Win32
		{BDA6BA51-FBD5-4846-B2A1-A9FD09D22B02}.Release|x64.ActiveCfg = Release|x64
		{BDA6BA51-FBD5-4846-B2A1-A9FD09D22B02}.Release|x64.Build.0 = Release|x64
		{219C578A-C35D-4318-A99F-78C0D9595029}.Debug|Any CPU.ActiveCfg = Debug|Win32
		{219C578A-C35D-4318-A99F-78C0D9595029}.Debug|ARM.ActiveCfg = Debug|ARM
		{219C578A-C35D-4318-A99F-78C0D9595029}.Debug|ARM.Build.0 = Debug|ARM
		{219C578A-C35D-4318-A99F-78C0D9595029}.Debug|Win32.ActiveCfg = Debug|Win32
		{219C578A-C35D-4318-A99F-78C0D9595029}.Debug|Win32.Build.0 = Debug|Win32
		{219C578A-C35D-4318-A99F-78C0D9595029}.Debug|x64.ActiveCfg = Debug|Win32
		{219C578A-C35D-4318-A99F-78C0D9595029}.DLL_Debug|Any CPU.ActiveCfg = Release|ARM
		{219C578A-C35D-4318-A99F-78C0D9595029}.DLL_Debug|Any CPU.Build.0 = Release|ARM
		{219C578A-C35D-4318-A99F-78C0D9595029}.DLL_Debug|ARM.ActiveCfg = Debug|ARM
		{219C578A-C35D-4318-A99F-78C0D9595029}.DLL_Debug|ARM.Build.0 = Debug|ARM
		{219C578A-C35D-4318-A99F-78C0D9595029}.DLL_Debug|Win32.ActiveCfg = Debug|Win32
		{219C578A-C35D-4318-A99F-78C0D9595029}.DLL_Debug|Win32.Build.0 = Debug|Win32
		{219C578A-C35D-4318-A99F-78C0D9595029}.DLL_Debug|x64.ActiveCfg = Release|ARM
		{219C578A-C35D-4318-A99F-78C0D9595029}.DLL_Debug|x64.Build.0 = Release|ARM
		{219C578A-C35D-4318-A99F-78C0D9595029}.DLL_Release|Any CPU.ActiveCfg = Release|ARM
		{219C578A-C35D-4318-A99F-78C0D9595029}.DLL_Release|Any CPU.Build.0 = Release|ARM
		{219C578A-C35D-4318-A99F-78C0D9595029}.DLL_Release|ARM.ActiveCfg = Release|ARM
		{219C578A-C35D-4318-A99F-78C0D9595029}.DLL_Release|ARM.Build.0 = Release|ARM
		{219C578A-C35D-4318-A99F-78C0D9595029}.DLL_Release|Win32.ActiveCfg = Release|Win32
		{219C578A-C35D-4318-A99F-78C0D9595029}.DLL_Release|Win32.Build.0 = Release|Win32
		{219C578A-C35D-4318-A99F-78C0D9595029}.DLL_Release|x64.ActiveCfg = Release|ARM
		{219C578A-C35D-4318-A99F-78C0D9595029}.DLL_Release|x64.Build.0 = Release|ARM
		{219C578A-C35D-4318-A99F-78C0D9595029}.LIB_Debug|Any CPU.ActiveCfg = Release|ARM
		{219C578A-C35D-4318-A99F-78C0D9595029}.LIB_Debug|Any CPU.Build.0 = Release|ARM
		{219C578A-C35D-4318-A99F-78C0D9595029}.LIB_Debug|ARM.ActiveCfg = Debug|ARM
		{219C578A-C35D-4318-A99F-78C0D9595029}.LIB_Debug|ARM.Build.0 = Debug|ARM
		{219C578A-C35D-4318-A99F-78C0D9595029}.LIB_Debug|Win32.ActiveCfg = Debug|Win32
		{219C578A-C35D-4318-A99F-78C0D9595029}.LIB_Debug|Win32.Build.0 = Debug|Win32
		{219C578A-C35D-4318-A99F-78C0D9595029}.LIB_Debug|x64.ActiveCfg = Release|ARM
		{219C578A-C35D-4318-A99F-78C0D9595029}.LIB_Debug|x64.Build.0 = Release|ARM
		{219C578A-C35D-4318-A99F-78C0D9595029}.LIB_OpenCL_Debug|Any CPU.ActiveCfg = Release|ARM
		{219C578A-C35D-4318-A99F-78C0D9595029}.LIB_OpenCL_Debug|Any CPU.Build.0 = Release|ARM
		{219C578A-C35D-4318-A99F-78C0D9595029}.LIB_OpenCL_Debug|ARM.ActiveCfg = Debug|ARM
		{219C578A-C35D-4318-A99F-78C0D9595029}.LIB_OpenCL_Debug|ARM.Build.0 = Debug|ARM
		{219C578A-C35D-4318-A99F-78C0D9595029}.LIB_OpenCL_Debug|Win32.ActiveCfg = Debug|Win32
		{219C578A-C35D-4318-A99F-78C0D9595029}.LIB_OpenCL_Debug|Win32.Build.0 = Debug|Win32
		{219C578A-C35D-4318-A99F-78C0D9595029}.LIB_OpenCL_Debug|x64.ActiveCfg = Release|ARM
		{219C578A-C35D-4318-A99F-78C0D9595029}.LIB_OpenCL_Debug|x64.Build.0 = Release|ARM
		{219C578A-C35D-4318-A99F-78C0D9595029}.LIB_OpenCL_Release|Any CPU.ActiveCfg = Release|ARM
		{219C578A-C35D-4318-A99F-78C0D9595029}.LIB_OpenCL_Release|Any CPU.Build.0 = Release|ARM
		{219C578A-C35D-4318-A99F-78C0D9595029}.LIB_OpenCL_Release|ARM.ActiveCfg = Release|ARM
		{219C578A-C35D-4318-A99F-78C0D9595029}.LIB_OpenCL_Release|ARM.Build.0 = Release|ARM
		{219C578A-C35D-4318-A99F-78C0D9595029}.LIB_OpenCL_Release|Win32.ActiveCfg = Release|Win32
		{219C578A-C35D-4318-A99F-78C0D9595029}.LIB_OpenCL_Release|Win32.Build.0 = Release|Win32
		{219C578A-C35D-4318-A99F-78C0D9595029}.LIB_OpenCL_Release|x64.ActiveCfg = Release|ARM
		{219C578A-C35D-4318-A99F-78C0D9595029}.LIB_OpenCL_Release|x64.Build.0 = Release|ARM
		{219C578A-C35D-4318-A99F-78C0D9595029}.LIB_Release|Any CPU.ActiveCfg = Release|ARM
		{219C578A-C35D-4318-A99F-78C0D9595029}.LIB_Release|Any CPU.Build.0 = Release|ARM
		{219C578A-C35D-4318-A99F-78C0D9595029}.LIB_Release|ARM.ActiveCfg = Release|ARM
		{219C578A-C35D-4318-A99F-78C0D9595029}.LIB_Release|ARM.Build.0 = Release|ARM
		{219C578A-C35D-4318-A99F-78C0D9595029}.LIB_Release|Win32.ActiveCfg = Release|Win32
		{219C578A-C35D-4318-A99F-78C0D9595029}.LIB_Release|Win32.Build.0 = Release|Win32
		{219C578A-C35D-4318-A99F-78C0D9595029}.LIB_Release|x64.ActiveCfg = Release|ARM
		{219C578A-C35D-4318-A99F-78C0D9595029}.LIB_Release|x64.Build.0 = Release|ARM
		{219C578A-C35D-4318-A99F-78C0D9595029}.Release|Any CPU.ActiveCfg = Release|Win32
		{219C578A-C35D-4318-A99F-78C0D9595029}.Release|ARM.ActiveCfg = Release|ARM
		{219C578A-C35D-4318-A99F-78C0D9595029}.Release|ARM.Build.0 = Release|ARM
		{219C578A-C35D-4318-A99F-78C0D9595029}.Release|Win32.ActiveCfg = Release|Win32
		{219C578A-C35D-4318-A99F-78C0D9595029}.Release|Win32.Build.0 = Release|Win32
		{219C578A-C35D-4318-A99F-78C0D9595029}.Release|x64.ActiveCfg = Release|Win32
		{FBBA6668-5BA6-43F2-8016-B81030EC9494}.Debug|Any CPU.ActiveCfg = Debug|Any CPU
		{FBBA6668-5BA6-43F2-8016-B81030EC9494}.Debug|Any CPU.Build.0 = Debug|Any CPU
		{FBBA6668-5BA6-43F2-8016-B81030EC9494}.Debug|ARM.ActiveCfg = Debug|Any CPU
		{FBBA6668-5BA6-43F2-8016-B81030EC9494}.Debug|ARM.Build.0 = Debug|Any CPU
		{FBBA6668-5BA6-43F2-8016-B81030EC9494}.Debug|Win32.ActiveCfg = Debug|Any CPU
		{FBBA6668-5BA6-43F2-8016-B81030EC9494}.Debug|Win32.Build.0 = Debug|Any CPU
		{FBBA6668-5BA6-43F2-8016-B81030EC9494}.Debug|x64.ActiveCfg = Debug|Any CPU
		{FBBA6668-5BA6-43F2-8016-B81030EC9494}.Debug|x64.Build.0 = Debug|Any CPU
		{FBBA6668-5BA6-43F2-8016-B81030EC9494}.DLL_Debug|Any CPU.ActiveCfg = Debug|Any CPU
		{FBBA6668-5BA6-43F2-8016-B81030EC9494}.DLL_Debug|Any CPU.Build.0 = Debug|Any CPU
		{FBBA6668-5BA6-43F2-8016-B81030EC9494}.DLL_Debug|ARM.ActiveCfg = Debug|Any CPU
		{FBBA6668-5BA6-43F2-8016-B81030EC9494}.DLL_Debug|ARM.Build.0 = Debug|Any CPU
		{FBBA6668-5BA6-43F2-8016-B81030EC9494}.DLL_Debug|Win32.ActiveCfg = Debug|Any CPU
		{FBBA6668-5BA6-43F2-8016-B81030EC9494}.DLL_Debug|Win32.Build.0 = Debug|Any CPU
		{FBBA6668-5BA6-43F2-8016-B81030EC9494}.DLL_Debug|x64.ActiveCfg = Debug|Any CPU
		{FBBA6668-5BA6-43F2-8016-B81030EC9494}.DLL_Debug|x64.Build.0 = Debug|Any CPU
		{FBBA6668-5BA6-43F2-8016-B81030EC9494}.DLL_Release|Any CPU.ActiveCfg = Release|Any CPU
		{FBBA6668-5BA6-43F2-8016-B81030EC9494}.DLL_Release|Any CPU.Build.0 = Release|Any CPU
		{FBBA6668-5BA6-43F2-8016-B81030EC9494}.DLL_Release|ARM.ActiveCfg = Release|Any CPU
		{FBBA6668-5BA6-43F2-8016-B81030EC9494}.DLL_Release|ARM.Build.0 = Release|Any CPU
		{FBBA6668-5BA6-43F2-8016-B81030EC9494}.DLL_Release|Win32.ActiveCfg = Release|Any CPU
		{FBBA6668-5BA6-43F2-8016-B81030EC9494}.DLL_Release|Win32.Build.0 = Release|Any CPU
		{FBBA6668-5BA6-43F2-8016-B81030EC9494}.DLL_Release|x64.ActiveCfg = Release|Any CPU
		{FBBA6668-5BA6-43F2-8016-B81030EC9494}.DLL_Release|x64.Build.0 = Release|Any CPU
		{FBBA6668-5BA6-43F2-8016-B81030EC9494}.LIB_Debug|Any CPU.ActiveCfg = Debug|Any CPU
		{FBBA6668-5BA6-43F2-8016-B81030EC9494}.LIB_Debug|Any CPU.Build.0 = Debug|Any CPU
		{FBBA6668-5BA6-43F2-8016-B81030EC9494}.LIB_Debug|ARM.ActiveCfg = Debug|Any CPU
		{FBBA6668-5BA6-43F2-8016-B81030EC9494}.LIB_Debug|ARM.Build.0 = Debug|Any CPU
		{FBBA6668-5BA6-43F2-8016-B81030EC9494}.LIB_Debug|Win32.ActiveCfg = Debug|Any CPU
		{FBBA6668-5BA6-43F2-8016-B81030EC9494}.LIB_Debug|Win32.Build.0 = Debug|Any CPU
		{FBBA6668-5BA6-43F2-8016-B81030EC9494}.LIB_Debug|x64.ActiveCfg = Debug|Any CPU
		{FBBA6668-5BA6-43F2-8016-B81030EC9494}.LIB_Debug|x64.Build.0 = Debug|Any CPU
		{FBBA6668-5BA6-43F2-8016-B81030EC9494}.LIB_OpenCL_Debug|Any CPU.ActiveCfg = Debug|Any CPU
		{FBBA6668-5BA6-43F2-8016-B81030EC9494}.LIB_OpenCL_Debug|Any CPU.Build.0 = Debug|Any CPU
		{FBBA6668-5BA6-43F2-8016-B81030EC9494}.LIB_OpenCL_Debug|ARM.ActiveCfg = Debug|Any CPU
		{FBBA6668-5BA6-43F2-8016-B81030EC9494}.LIB_OpenCL_Debug|ARM.Build.0 = Debug|Any CPU
		{FBBA6668-5BA6-43F2-8016-B81030EC9494}.LIB_OpenCL_Debug|Win32.ActiveCfg = Debug|Any CPU
		{FBBA6668-5BA6-43F2-8016-B81030EC9494}.LIB_OpenCL_Debug|Win32.Build.0 = Debug|Any CPU
		{FBBA6668-5BA6-43F2-8016-B81030EC9494}.LIB_OpenCL_Debug|x64.ActiveCfg = Debug|Any CPU
		{FBBA6668-5BA6-43F2-8016-B81030EC9494}.LIB_OpenCL_Debug|x64.Build.0 = Debug|Any CPU
		{FBBA6668-5BA6-43F2-8016-B81030EC9494}.LIB_OpenCL_Release|Any CPU.ActiveCfg = Release|Any CPU
		{FBBA6668-5BA6-43F2-8016-B81030EC9494}.LIB_OpenCL_Release|Any CPU.Build.0 = Release|Any CPU
		{FBBA6668-5BA6-43F2-8016-B81030EC9494}.LIB_OpenCL_Release|ARM.ActiveCfg = Release|Any CPU
		{FBBA6668-5BA6-43F2-8016-B81030EC9494}.LIB_OpenCL_Release|ARM.Build.0 = Release|Any CPU
		{FBBA6668-5BA6-43F2-8016-B81030EC9494}.LIB_OpenCL_Release|Win32.ActiveCfg = Release|Any CPU
		{FBBA6668-5BA6-43F2-8016-B81030EC9494}.LIB_OpenCL_Release|Win32.Build.0 = Release|Any CPU
		{FBBA6668-5BA6-43F2-8016-B81030EC9494}.LIB_OpenCL_Release|x64.ActiveCfg = Release|Any CPU
		{FBBA6668-5BA6-43F2-8016-B81030EC9494}.LIB_OpenCL_Release|x64.Build.0 = Release|Any CPU
		{FBBA6668-5BA6-43F2-8016-B81030EC9494}.LIB_Release|Any CPU.ActiveCfg = Release|Any CPU
		{FBBA6668-5BA6-43F2-8016-B81030EC9494}.LIB_Release|Any CPU.Build.0 = Release|Any CPU
		{FBBA6668-5BA6-43F2-8016-B81030EC9494}.LIB_Release|ARM.ActiveCfg = Release|Any CPU
		{FBBA6668-5BA6-43F2-8016-B81030EC9494}.LIB_Release|ARM.Build.0 = Release|Any CPU
		{FBBA6668-5BA6-43F2-8016-B81030EC9494}.LIB_Release|Win32.ActiveCfg = Release|Any CPU
		{FBBA6668-5BA6-43F2-8016-B81030EC9494}.LIB_Release|Win32.Build.0 = Release|Any CPU
		{FBBA6668-5BA6-43F2-8016-B81030EC9494}.LIB_Release|x64.ActiveCfg = Release|Any CPU
		{FBBA6668-5BA6-43F2-8016-B81030EC9494}.LIB_Release|x64.Build.0 = Release|Any CPU
		{FBBA6668-5BA6-43F2-8016-B81030EC9494}.Release|Any CPU.ActiveCfg = Release|Any CPU
		{FBBA6668-5BA6-43F2-8016-B81030EC9494}.Release|Any CPU.Build.0 = Release|Any CPU
		{FBBA6668-5BA6-43F2-8016-B81030EC9494}.Release|ARM.ActiveCfg = Release|Any CPU
		{FBBA6668-5BA6-43F2-8016-B81030EC9494}.Release|ARM.Build.0 = Release|Any CPU
		{FBBA6668-5BA6-43F2-8016-B81030EC9494}.Release|Win32.ActiveCfg = Release|Any CPU
		{FBBA6668-5BA6-43F2-8016-B81030EC9494}.Release|Win32.Build.0 = Release|Any CPU
		{FBBA6668-5BA6-43F2-8016-B81030EC9494}.Release|x64.ActiveCfg = Release|Any CPU
		{FBBA6668-5BA6-43F2-8016-B81030EC9494}.Release|x64.Build.0 = Release|Any CPU
		{20D3BF3E-3C79-4156-8894-C235766EB78C}.Debug|Any CPU.ActiveCfg = Debug|Any CPU
		{20D3BF3E-3C79-4156-8894-C235766EB78C}.Debug|Any CPU.Build.0 = Debug|Any CPU
		{20D3BF3E-3C79-4156-8894-C235766EB78C}.Debug|ARM.ActiveCfg = Debug|Any CPU
		{20D3BF3E-3C79-4156-8894-C235766EB78C}.Debug|ARM.Build.0 = Debug|Any CPU
		{20D3BF3E-3C79-4156-8894-C235766EB78C}.Debug|Win32.ActiveCfg = Debug|Any CPU
		{20D3BF3E-3C79-4156-8894-C235766EB78C}.Debug|Win32.Build.0 = Debug|Any CPU
		{20D3BF3E-3C79-4156-8894-C235766EB78C}.Debug|x64.ActiveCfg = Debug|Any CPU
		{20D3BF3E-3C79-4156-8894-C235766EB78C}.Debug|x64.Build.0 = Debug|Any CPU
		{20D3BF3E-3C79-4156-8894-C235766EB78C}.DLL_Debug|Any CPU.ActiveCfg = Debug|Any CPU
		{20D3BF3E-3C79-4156-8894-C235766EB78C}.DLL_Debug|Any CPU.Build.0 = Debug|Any CPU
		{20D3BF3E-3C79-4156-8894-C235766EB78C}.DLL_Debug|ARM.ActiveCfg = Debug|Any CPU
		{20D3BF3E-3C79-4156-8894-C235766EB78C}.DLL_Debug|ARM.Build.0 = Debug|Any CPU
		{20D3BF3E-3C79-4156-8894-C235766EB78C}.DLL_Debug|Win32.ActiveCfg = Debug|Any CPU
		{20D3BF3E-3C79-4156-8894-C235766EB78C}.DLL_Debug|Win32.Build.0 = Debug|Any CPU
		{20D3BF3E-3C79-4156-8894-C235766EB78C}.DLL_Debug|x64.ActiveCfg = Debug|Any CPU
		{20D3BF3E-3C79-4156-8894-C235766EB78C}.DLL_Debug|x64.Build.0 = Debug|Any CPU
		{20D3BF3E-3C79-4156-8894-C235766EB78C}.DLL_Release|Any CPU.ActiveCfg = Release|Any CPU
		{20D3BF3E-3C79-4156-8894-C235766EB78C}.DLL_Release|Any CPU.Build.0 = Release|Any CPU
		{20D3BF3E-3C79-4156-8894-C235766EB78C}.DLL_Release|ARM.ActiveCfg = Release|Any CPU
		{20D3BF3E-3C79-4156-8894-C235766EB78C}.DLL_Release|ARM.Build.0 = Release|Any CPU
		{20D3BF3E-3C79-4156-8894-C235766EB78C}.DLL_Release|Win32.ActiveCfg = Release|Any CPU
		{20D3BF3E-3C79-4156-8894-C235766EB78C}.DLL_Release|Win32.Build.0 = Release|Any CPU
		{20D3BF3E-3C79-4156-8894-C235766EB78C}.DLL_Release|x64.ActiveCfg = Release|Any CPU
		{20D3BF3E-3C79-4156-8894-C235766EB78C}.DLL_Release|x64.Build.0 = Release|Any CPU
		{20D3BF3E-3C79-4156-8894-C235766EB78C}.LIB_Debug|Any CPU.ActiveCfg = Debug|Any CPU
		{20D3BF3E-3C79-4156-8894-C235766EB78C}.LIB_Debug|Any CPU.Build.0 = Debug|Any CPU
		{20D3BF3E-3C79-4156-8894-C235766EB78C}.LIB_Debug|ARM.ActiveCfg = Debug|Any CPU
		{20D3BF3E-3C79-4156-8894-C235766EB78C}.LIB_Debug|ARM.Build.0 = Debug|Any CPU
		{20D3BF3E-3C79-4156-8894-C235766EB78C}.LIB_Debug|Win32.ActiveCfg = Debug|Any CPU
		{20D3BF3E-3C79-4156-8894-C235766EB78C}.LIB_Debug|Win32.Build.0 = Debug|Any CPU
		{20D3BF3E-3C79-4156-8894-C235766EB78C}.LIB_Debug|x64.ActiveCfg = Debug|Any CPU
		{20D3BF3E-3C79-4156-8894-C235766EB78C}.LIB_Debug|x64.Build.0 = Debug|Any CPU
		{20D3BF3E-3C79-4156-8894-C235766EB78C}.LIB_OpenCL_Debug|Any CPU.ActiveCfg = Debug|Any CPU
		{20D3BF3E-3C79-4156-8894-C235766EB78C}.LIB_OpenCL_Debug|Any CPU.Build.0 = Debug|Any CPU
		{20D3BF3E-3C79-4156-8894-C235766EB78C}.LIB_OpenCL_Debug|ARM.ActiveCfg = Debug|Any CPU
		{20D3BF3E-3C79-4156-8894-C235766EB78C}.LIB_OpenCL_Debug|ARM.Build.0 = Debug|Any CPU
		{20D3BF3E-3C79-4156-8894-C235766EB78C}.LIB_OpenCL_Debug|Win32.ActiveCfg = Debug|Any CPU
		{20D3BF3E-3C79-4156-8894-C235766EB78C}.LIB_OpenCL_Debug|Win32.Build.0 = Debug|Any CPU
		{20D3BF3E-3C79-4156-8894-C235766EB78C}.LIB_OpenCL_Debug|x64.ActiveCfg = Debug|Any CPU
		{20D3BF3E-3C79-4156-8894-C235766EB78C}.LIB_OpenCL_Debug|x64.Build.0 = Debug|Any CPU
		{20D3BF3E-3C79-4156-8894-C235766EB78C}.LIB_OpenCL_Release|Any CPU.ActiveCfg = Release|Any CPU
		{20D3BF3E-3C79-4156-8894-C235766EB78C}.LIB_OpenCL_Release|Any CPU.Build.0 = Release|Any CPU
		{20D3BF3E-3C79-4156-8894-C235766EB78C}.LIB_OpenCL_Release|ARM.ActiveCfg = Release|Any CPU
		{20D3BF3E-3C79-4156-8894-C235766EB78C}.LIB_OpenCL_Release|ARM.Build.0 = Release|Any CPU
		{20D3BF3E-3C79-4156-8894-C235766EB78C}.LIB_OpenCL_Release|Win32.ActiveCfg = Release|Any CPU
		{20D3BF3E-3C79-4156-8894-C235766EB78C}.LIB_OpenCL_Release|Win32.Build.0 = Release|Any CPU
		{20D3BF3E-3C79-4156-8894-C235766EB78C}.LIB_OpenCL_Release|x64.ActiveCfg = Release|Any CPU
		{20D3BF3E-3C79-4156-8894-C235766EB78C}.LIB_OpenCL_Release|x64.Build.0 = Release|Any CPU
		{20D3BF3E-3C79-4156-8894-C235766EB78C}.LIB_Release|Any CPU.ActiveCfg = Release|Any CPU
		{20D3BF3E-3C79-4156-8894-C235766EB78C}.LIB_Release|Any CPU.Build.0 = Release|Any CPU
		{20D3BF3E-3C79-4156-8894-C235766EB78C}.LIB_Release|ARM.ActiveCfg = Release|Any CPU
		{20D3BF3E-3C79-4156-8894-C235766EB78C}.LIB_Release|ARM.Build.0 = Release|Any CPU
		{20D3BF3E-3C79-4156-8894-C235766EB78C}.LIB_Release|Win32.ActiveCfg = Release|Any CPU
		{20D3BF3E-3C79-4156-8894-C235766EB78C}.LIB_Release|Win32.Build.0 = Release|Any CPU
		{20D3BF3E-3C79-4156-8894-C235766EB78C}.LIB_Release|x64.ActiveCfg = Release|Any CPU
		{20D3BF3E-3C79-4156-8894-C235766EB78C}.LIB_Release|x64.Build.0 = Release|Any CPU
		{20D3BF3E-3C79-4156-8894-C235766EB78C}.Release|Any CPU.ActiveCfg = Release|Any CPU
		{20D3BF3E-3C79-4156-8894-C235766EB78C}.Release|Any CPU.Build.0 = Release|Any CPU
		{20D3BF3E-3C79-4156-8894-C235766EB78C}.Release|ARM.ActiveCfg = Release|Any CPU
		{20D3BF3E-3C79-4156-8894-C235766EB78C}.Release|ARM.Build.0 = Release|Any CPU
		{20D3BF3E-3C79-4156-8894-C235766EB78C}.Release|Win32.ActiveCfg = Release|Any CPU
		{20D3BF3E-3C79-4156-8894-C235766EB78C}.Release|Win32.Build.0 = Release|Any CPU
		{20D3BF3E-3C79-4156-8894-C235766EB78C}.Release|x64.ActiveCfg = Release|Any CPU
		{20D3BF3E-3C79-4156-8894-C235766EB78C}.Release|x64.Build.0 = Release|Any CPU
	EndGlobalSection
	GlobalSection(SolutionProperties) = preSolution
		HideSolutionNode = FALSE
	EndGlobalSection
	GlobalSection(NestedProjects) = preSolution
		{774FCC0E-AFEB-408E-B81C-019664E2A30C} = {D6118E9F-93B3-45E8-A48B-B3F83E393AB7}
		{30148D76-9B82-42FA-8934-66DCCD5D411B} = {D6118E9F-93B3-45E8-A48B-B3F83E393AB7}
		{21D937E5-53EA-4EED-B9BA-6FF6BE12D71C} = {D6118E9F-93B3-45E8-A48B-B3F83E393AB7}
		{56826F9C-1C22-473C-B8D9-C955FE419E62} = {BCE0C850-423A-4EA6-B640-B1CA66D91D99}
		{BDA6BA51-FBD5-4846-B2A1-A9FD09D22B02} = {BCE0C850-423A-4EA6-B640-B1CA66D91D99}
		{219C578A-C35D-4318-A99F-78C0D9595029} = {BCE0C850-423A-4EA6-B640-B1CA66D91D99}
		{FBBA6668-5BA6-43F2-8016-B81030EC9494} = {BCE0C850-423A-4EA6-B640-B1CA66D91D99}
		{20D3BF3E-3C79-4156-8894-C235766EB78C} = {BCE0C850-423A-4EA6-B640-B1CA66D91D99}
	EndGlobalSection
EndGlobal
